{
  "version": 4,
  "terraform_version": "0.12.6",
  "serial": 209,
  "lineage": "c24f7327-c35d-7a4b-e00e-be95ba986448",
  "outputs": {},
  "resources": [
    {
      "mode": "managed",
      "type": "google_compute_instance",
      "name": "ca-root",
      "provider": "provider.google",
      "instances": [
        {
          "schema_version": 6,
          "attributes": {
            "allow_stopping_for_update": null,
            "attached_disk": [],
            "boot_disk": [
              {
                "auto_delete": true,
                "device_name": "persistent-disk-0",
                "disk_encryption_key_raw": "",
                "disk_encryption_key_sha256": "",
                "initialize_params": [
                  {
                    "image": "https://www.googleapis.com/compute/v1/projects/dlt-testing-245512/global/images/ca-root-image",
                    "labels": {},
                    "size": 10,
                    "type": "pd-standard"
                  }
                ],
                "kms_key_self_link": "",
                "source": "https://www.googleapis.com/compute/v1/projects/dlt-testing-245512/zones/us-central1-c/disks/ca-root-94cf1cea3c4a2492"
              }
            ],
            "can_ip_forward": false,
            "cpu_platform": "Intel Haswell",
            "deletion_protection": false,
            "description": "",
            "disk": [],
            "guest_accelerator": [],
            "hostname": "",
            "id": "ca-root-94cf1cea3c4a2492",
            "instance_id": "3802658862341803160",
            "label_fingerprint": "1H5DVXgLPWo=",
            "labels": {
              "hl-f": "ca-root"
            },
            "machine_type": "n1-standard-1",
            "metadata": null,
            "metadata_fingerprint": "-C03-hAjxoU=",
            "metadata_startup_script": "#! /bin/bash\n\necho\necho \"=========================================================\"\necho \"Waiting for complete system setting up\"\necho \"=========================================================\"\necho\n\nsleep 60s\n\ntimedatectl set-timezone Europe/Madrid\n\nsleep 1s\n\nmkdir /srv/fabricCA-server \u0026\u0026 cd $_\n\nmkdir ./logs\n\nsleep 1s\n\necho\necho \"=========================================================\"\necho \"Setting up CA server\"\necho \"=========================================================\"\necho\n\nnohup /opt/go-lib/bin/fabric-ca-server start -p 7500 -b geodb:password --tls.enabled --csr.hosts ca-root.geodb.com \u003e ./logs/output.out 2\u003e ./logs/output.err \u003c /dev/null \u0026",
            "min_cpu_platform": "",
            "name": "ca-root-94cf1cea3c4a2492",
            "network_interface": [
              {
                "access_config": [
                  {
                    "assigned_nat_ip": "",
                    "nat_ip": "35.224.240.198",
                    "network_tier": "PREMIUM",
                    "public_ptr_domain_name": ""
                  }
                ],
                "address": "",
                "alias_ip_range": [],
                "name": "nic0",
                "network": "https://www.googleapis.com/compute/v1/projects/dlt-testing-245512/global/networks/hl-network-dev",
                "network_ip": "10.128.0.28",
                "subnetwork": "https://www.googleapis.com/compute/v1/projects/dlt-testing-245512/regions/us-central1/subnetworks/hl-network-dev",
                "subnetwork_project": "dlt-testing-245512"
              }
            ],
            "project": "dlt-testing-245512",
            "scheduling": [
              {
                "automatic_restart": true,
                "node_affinities": [],
                "on_host_maintenance": "MIGRATE",
                "preemptible": false
              }
            ],
            "scratch_disk": [],
            "self_link": "https://www.googleapis.com/compute/v1/projects/dlt-testing-245512/zones/us-central1-c/instances/ca-root-94cf1cea3c4a2492",
            "service_account": [],
            "shielded_instance_config": [],
            "tags": null,
            "tags_fingerprint": "42WmSpB8rSM=",
            "timeouts": null,
            "zone": "us-central1-c"
          },
          "private": "eyJlMmJmYjczMC1lY2FhLTExZTYtOGY4OC0zNDM2M2JjN2M0YzAiOnsiY3JlYXRlIjoxMjAwMDAwMDAwMDAwLCJkZWxldGUiOjEyMDAwMDAwMDAwMDAsInVwZGF0ZSI6MTIwMDAwMDAwMDAwMH0sInNjaGVtYV92ZXJzaW9uIjoiNiJ9",
          "depends_on": [
            "random_id.instance_id"
          ]
        }
      ]
    },
    {
      "mode": "managed",
      "type": "random_id",
      "name": "instance_id",
      "provider": "provider.random",
      "instances": [
        {
          "schema_version": 0,
          "attributes": {
            "b64": "lM8c6jxKJJI",
            "b64_std": "lM8c6jxKJJI=",
            "b64_url": "lM8c6jxKJJI",
            "byte_length": 8,
            "dec": "10722821030151857298",
            "hex": "94cf1cea3c4a2492",
            "id": "lM8c6jxKJJI",
            "keepers": null,
            "prefix": null
          }
        }
      ]
    }
  ]
}
